
Microsoft Visual Studio Solution File, Format Version 12.00
# Visual Studio 15
VisualStudioVersion = 15.0.28307.329
MinimumVisualStudioVersion = 10.0.40219.1
Project("{9A19103F-16F7-4668-BE54-9A1E7A4F7556}") = "PriceEstimation.JwellaryShop.WebApi", "PriceEstimation.JwellaryShop.WebAPI\PriceEstimation.JwellaryShop.WebApi.csproj", "{1CB2E89B-854D-428C-85C7-C1216D72E647}"
EndProject
Project("{9A19103F-16F7-4668-BE54-9A1E7A4F7556}") = "PriceEstimation.JwellaryShop.Test", "PriceEstimation.JwellaryShop.Test\PriceEstimation.JwellaryShop.Test.csproj", "{E4EDB478-2C0A-4F26-AC49-B337FF726803}"
EndProject
Global
	GlobalSection(SolutionConfigurationPlatforms) = preSolution
		Debug|Any CPU = Debug|Any CPU
		Release|Any CPU = Release|Any CPU
	EndGlobalSection
	GlobalSection(ProjectConfigurationPlatforms) = postSolution
		{1CB2E89B-854D-428C-85C7-C1216D72E647}.Debug|Any CPU.ActiveCfg = Debug|Any CPU
		{1CB2E89B-854D-428C-85C7-C1216D72E647}.Debug|Any CPU.Build.0 = Debug|Any CPU
		{1CB2E89B-854D-428C-85C7-C1216D72E647}.Release|Any CPU.ActiveCfg = Release|Any CPU
		{1CB2E89B-854D-428C-85C7-C1216D72E647}.Release|Any CPU.Build.0 = Release|Any CPU
		{E4EDB478-2C0A-4F26-AC49-B337FF726803}.Debug|Any CPU.ActiveCfg = Debug|Any CPU
		{E4EDB478-2C0A-4F26-AC49-B337FF726803}.Debug|Any CPU.Build.0 = Debug|Any CPU
		{E4EDB478-2C0A-4F26-AC49-B337FF726803}.Release|Any CPU.ActiveCfg = Release|Any CPU
		{E4EDB478-2C0A-4F26-AC49-B337FF726803}.Release|Any CPU.Build.0 = Release|Any CPU
	EndGlobalSection
	GlobalSection(SolutionProperties) = preSolution
		HideSolutionNode = FALSE
	EndGlobalSection
	GlobalSection(ExtensibilityGlobals) = postSolution
		SolutionGuid = {BE4EE0D6-7266-4886-9492-6E255AAD24B9}
	EndGlobalSection
EndGlobal
